
Microsoft Visual Studio Solution File, Format Version 12.00
# Visual Studio 15
VisualStudioVersion = 15.0.26228.4
MinimumVisualStudioVersion = 10.0.40219.1
Project("{F184B08F-C81C-45F6-A57F-5ABD9991F28F}") = "POS", "POS\POS.vbproj", "{356CA084-6BAF-41D2-8F49-5013CF0929BF}"
EndProject
Global
	GlobalSection(SolutionConfigurationPlatforms) = preSolution
		Debug|Any CPU = Debug|Any CPU
		Debug|x86 = Debug|x86
		Release|Any CPU = Release|Any CPU
		Release|x86 = Release|x86
	EndGlobalSection
	GlobalSection(ProjectConfigurationPlatforms) = postSolution
		{356CA084-6BAF-41D2-8F49-5013CF0929BF}.Debug|Any CPU.ActiveCfg = Debug|Any CPU
		{356CA084-6BAF-41D2-8F49-5013CF0929BF}.Debug|Any CPU.Build.0 = Debug|Any CPU
		{356CA084-6BAF-41D2-8F49-5013CF0929BF}.Debug|x86.ActiveCfg = Debug|x86
		{356CA084-6BAF-41D2-8F49-5013CF0929BF}.Debug|x86.Build.0 = Debug|x86
		{356CA084-6BAF-41D2-8F49-5013CF0929BF}.Release|Any CPU.ActiveCfg = Release|Any CPU
		{356CA084-6BAF-41D2-8F49-5013CF0929BF}.Release|Any CPU.Build.0 = Release|Any CPU
		{356CA084-6BAF-41D2-8F49-5013CF0929BF}.Release|x86.ActiveCfg = Release|x86
		{356CA084-6BAF-41D2-8F49-5013CF0929BF}.Release|x86.Build.0 = Release|x86
	EndGlobalSection
	GlobalSection(SolutionProperties) = preSolution
		HideSolutionNode = FALSE
	EndGlobalSection
	GlobalSection(ExtensibilityGlobals) = postSolution
		SolutionGuid = {11533BDE-EEC5-48DB-95B0-18C8BAE53635}
	EndGlobalSection
EndGlobal
